// !$*UTF8*$!
{
	archiveVersion = 1;
	classes = {
	};
	objectVersion = 56;
	objects = {

/* Begin PBXBuildFile section */
		8C382E6D2CF17E670099B5BD /* VideoPreviewViewController.swift in Sources */ = {isa = PBXBuildFile; fileRef = 8C382E6C2CF17E670099B5BD /* VideoPreviewViewController.swift */; };
		8C382E6F2CF180470099B5BD /* LibraryManager.swift in Sources */ = {isa = PBXBuildFile; fileRef = 8C382E6E2CF180470099B5BD /* LibraryManager.swift */; };
		8C4124792CEFEE1F000F61DB /* AppDelegate.swift in Sources */ = {isa = PBXBuildFile; fileRef = 8C4124782CEFEE1F000F61DB /* AppDelegate.swift */; };
		8C41247B2CEFEE1F000F61DB /* SceneDelegate.swift in Sources */ = {isa = PBXBuildFile; fileRef = 8C41247A2CEFEE1F000F61DB /* SceneDelegate.swift */; };
		8C41247D2CEFEE1F000F61DB /* ViewController.swift in Sources */ = {isa = PBXBuildFile; fileRef = 8C41247C2CEFEE1F000F61DB /* ViewController.swift */; };
		8C4124802CEFEE1F000F61DB /* Main.storyboard in Resources */ = {isa = PBXBuildFile; fileRef = 8C41247E2CEFEE1F000F61DB /* Main.storyboard */; };
		8C4124822CEFEE21000F61DB /* Assets.xcassets in Resources */ = {isa = PBXBuildFile; fileRef = 8C4124812CEFEE21000F61DB /* Assets.xcassets */; };
		8C4124852CEFEE21000F61DB /* LaunchScreen.storyboard in Resources */ = {isa = PBXBuildFile; fileRef = 8C4124832CEFEE21000F61DB /* LaunchScreen.storyboard */; };
		8C41248D2CF0A40A000F61DB /* GalleryViewController.swift in Sources */ = {isa = PBXBuildFile; fileRef = 8C41248C2CF0A40A000F61DB /* GalleryViewController.swift */; };
		8C4124902CF0A7FF000F61DB /* PhotoGalleryViewCell.swift in Sources */ = {isa = PBXBuildFile; fileRef = 8C41248F2CF0A7FF000F61DB /* PhotoGalleryViewCell.swift */; };
		8C4124922CF0B23D000F61DB /* CameraViewController.swift in Sources */ = {isa = PBXBuildFile; fileRef = 8C4124912CF0B23D000F61DB /* CameraViewController.swift */; };
		8C4124982CF0F1F5000F61DB /* VideoGalleryViewCell.swift in Sources */ = {isa = PBXBuildFile; fileRef = 8C4124972CF0F1F5000F61DB /* VideoGalleryViewCell.swift */; };
		8C41249A2CF0F3AB000F61DB /* PreviewView.swift in Sources */ = {isa = PBXBuildFile; fileRef = 8C4124992CF0F3AB000F61DB /* PreviewView.swift */; };
		8C41249E2CF0F5A9000F61DB /* CameraViewController+Capturing.swift in Sources */ = {isa = PBXBuildFile; fileRef = 8C41249D2CF0F5A9000F61DB /* CameraViewController+Capturing.swift */; };
		8C4124A32CF105BA000F61DB /* CameraViewController+AVCapturePhotoCaptureDelegate.swift in Sources */ = {isa = PBXBuildFile; fileRef = 8C4124A22CF105BA000F61DB /* CameraViewController+AVCapturePhotoCaptureDelegate.swift */; };
		8C4124A52CF108ED000F61DB /* ViewController+Alerts.swift in Sources */ = {isa = PBXBuildFile; fileRef = 8C4124A42CF108EC000F61DB /* ViewController+Alerts.swift */; };
		8C4124A82CF11A3C000F61DB /* CameraViewController+Authorisation.swift in Sources */ = {isa = PBXBuildFile; fileRef = 8C4124A72CF11A3C000F61DB /* CameraViewController+Authorisation.swift */; };
		8C4124AA2CF12EDD000F61DB /* StorageManager.swift in Sources */ = {isa = PBXBuildFile; fileRef = 8C4124A92CF12EDD000F61DB /* StorageManager.swift */; };
		8C75B0562CF168C400185AE5 /* PhotoPreviewViewController.swift in Sources */ = {isa = PBXBuildFile; fileRef = 8C75B0552CF168C400185AE5 /* PhotoPreviewViewController.swift */; };
		8C75B0582CF1761400185AE5 /* CameraViewController+RecordingDelegate.swift in Sources */ = {isa = PBXBuildFile; fileRef = 8C75B0572CF1761400185AE5 /* CameraViewController+RecordingDelegate.swift */; };
		8CAF0B162CF38EAF009E1F29 /* AnimationProvider.swift in Sources */ = {isa = PBXBuildFile; fileRef = 8CAF0B152CF38EAF009E1F29 /* AnimationProvider.swift */; };
		8CAF0B1A2CF39AD6009E1F29 /* SectionHeader.swift in Sources */ = {isa = PBXBuildFile; fileRef = 8CAF0B192CF39AD6009E1F29 /* SectionHeader.swift */; };
/* End PBXBuildFile section */

/* Begin PBXFileReference section */
		8C382E6C2CF17E670099B5BD /* VideoPreviewViewController.swift */ = {isa = PBXFileReference; lastKnownFileType = sourcecode.swift; path = VideoPreviewViewController.swift; sourceTree = "<group>"; };
		8C382E6E2CF180470099B5BD /* LibraryManager.swift */ = {isa = PBXFileReference; lastKnownFileType = sourcecode.swift; path = LibraryManager.swift; sourceTree = "<group>"; };
		8C4124752CEFEE1F000F61DB /* CameraModule.app */ = {isa = PBXFileReference; explicitFileType = wrapper.application; includeInIndex = 0; path = CameraModule.app; sourceTree = BUILT_PRODUCTS_DIR; };
		8C4124782CEFEE1F000F61DB /* AppDelegate.swift */ = {isa = PBXFileReference; lastKnownFileType = sourcecode.swift; path = AppDelegate.swift; sourceTree = "<group>"; };
		8C41247A2CEFEE1F000F61DB /* SceneDelegate.swift */ = {isa = PBXFileReference; lastKnownFileType = sourcecode.swift; path = SceneDelegate.swift; sourceTree = "<group>"; };
		8C41247C2CEFEE1F000F61DB /* ViewController.swift */ = {isa = PBXFileReference; lastKnownFileType = sourcecode.swift; path = ViewController.swift; sourceTree = "<group>"; };
		8C41247F2CEFEE1F000F61DB /* Base */ = {isa = PBXFileReference; lastKnownFileType = file.storyboard; name = Base; path = Base.lproj/Main.storyboard; sourceTree = "<group>"; };
		8C4124812CEFEE21000F61DB /* Assets.xcassets */ = {isa = PBXFileReference; lastKnownFileType = folder.assetcatalog; path = Assets.xcassets; sourceTree = "<group>"; };
		8C4124842CEFEE21000F61DB /* Base */ = {isa = PBXFileReference; lastKnownFileType = file.storyboard; name = Base; path = Base.lproj/LaunchScreen.storyboard; sourceTree = "<group>"; };
		8C4124862CEFEE21000F61DB /* Info.plist */ = {isa = PBXFileReference; lastKnownFileType = text.plist.xml; path = Info.plist; sourceTree = "<group>"; };
		8C41248C2CF0A40A000F61DB /* GalleryViewController.swift */ = {isa = PBXFileReference; lastKnownFileType = sourcecode.swift; path = GalleryViewController.swift; sourceTree = "<group>"; };
		8C41248F2CF0A7FF000F61DB /* PhotoGalleryViewCell.swift */ = {isa = PBXFileReference; lastKnownFileType = sourcecode.swift; path = PhotoGalleryViewCell.swift; sourceTree = "<group>"; };
		8C4124912CF0B23D000F61DB /* CameraViewController.swift */ = {isa = PBXFileReference; lastKnownFileType = sourcecode.swift; path = CameraViewController.swift; sourceTree = "<group>"; };
		8C4124972CF0F1F5000F61DB /* VideoGalleryViewCell.swift */ = {isa = PBXFileReference; lastKnownFileType = sourcecode.swift; path = VideoGalleryViewCell.swift; sourceTree = "<group>"; };
		8C4124992CF0F3AB000F61DB /* PreviewView.swift */ = {isa = PBXFileReference; lastKnownFileType = sourcecode.swift; path = PreviewView.swift; sourceTree = "<group>"; };
		8C41249D2CF0F5A9000F61DB /* CameraViewController+Capturing.swift */ = {isa = PBXFileReference; lastKnownFileType = sourcecode.swift; path = "CameraViewController+Capturing.swift"; sourceTree = "<group>"; };
		8C4124A22CF105BA000F61DB /* CameraViewController+AVCapturePhotoCaptureDelegate.swift */ = {isa = PBXFileReference; lastKnownFileType = sourcecode.swift; path = "CameraViewController+AVCapturePhotoCaptureDelegate.swift"; sourceTree = "<group>"; };
		8C4124A42CF108EC000F61DB /* ViewController+Alerts.swift */ = {isa = PBXFileReference; lastKnownFileType = sourcecode.swift; path = "ViewController+Alerts.swift"; sourceTree = "<group>"; };
		8C4124A72CF11A3C000F61DB /* CameraViewController+Authorisation.swift */ = {isa = PBXFileReference; lastKnownFileType = sourcecode.swift; path = "CameraViewController+Authorisation.swift"; sourceTree = "<group>"; };
		8C4124A92CF12EDD000F61DB /* StorageManager.swift */ = {isa = PBXFileReference; lastKnownFileType = sourcecode.swift; path = StorageManager.swift; sourceTree = "<group>"; };
		8C75B0552CF168C400185AE5 /* PhotoPreviewViewController.swift */ = {isa = PBXFileReference; lastKnownFileType = sourcecode.swift; path = PhotoPreviewViewController.swift; sourceTree = "<group>"; };
		8C75B0572CF1761400185AE5 /* CameraViewController+RecordingDelegate.swift */ = {isa = PBXFileReference; lastKnownFileType = sourcecode.swift; path = "CameraViewController+RecordingDelegate.swift"; sourceTree = "<group>"; };
		8CAF0B152CF38EAF009E1F29 /* AnimationProvider.swift */ = {isa = PBXFileReference; lastKnownFileType = sourcecode.swift; path = AnimationProvider.swift; sourceTree = "<group>"; };
		8CAF0B192CF39AD6009E1F29 /* SectionHeader.swift */ = {isa = PBXFileReference; lastKnownFileType = sourcecode.swift; path = SectionHeader.swift; sourceTree = "<group>"; };
/* End PBXFileReference section */

/* Begin PBXFrameworksBuildPhase section */
		8C4124722CEFEE1F000F61DB /* Frameworks */ = {
			isa = PBXFrameworksBuildPhase;
			buildActionMask = 2147483647;
			files = (
			);
			runOnlyForDeploymentPostprocessing = 0;
		};
/* End PBXFrameworksBuildPhase section */

/* Begin PBXGroup section */
		8C41246C2CEFEE1F000F61DB = {
			isa = PBXGroup;
			children = (
				8C4124772CEFEE1F000F61DB /* CameraModule */,
				8C4124762CEFEE1F000F61DB /* Products */,
			);
			sourceTree = "<group>";
		};
		8C4124762CEFEE1F000F61DB /* Products */ = {
			isa = PBXGroup;
			children = (
				8C4124752CEFEE1F000F61DB /* CameraModule.app */,
			);
			name = Products;
			sourceTree = "<group>";
		};
		8C4124772CEFEE1F000F61DB /* CameraModule */ = {
			isa = PBXGroup;
			children = (
				8C41248E2CF0A7EE000F61DB /* UI */,
				8C4124782CEFEE1F000F61DB /* AppDelegate.swift */,
				8C41247A2CEFEE1F000F61DB /* SceneDelegate.swift */,
				8C41247C2CEFEE1F000F61DB /* ViewController.swift */,
				8C41247E2CEFEE1F000F61DB /* Main.storyboard */,
				8C4124812CEFEE21000F61DB /* Assets.xcassets */,
				8C4124832CEFEE21000F61DB /* LaunchScreen.storyboard */,
				8C4124862CEFEE21000F61DB /* Info.plist */,
			);
			path = CameraModule;
			sourceTree = "<group>";
		};
		8C41248E2CF0A7EE000F61DB /* UI */ = {
			isa = PBXGroup;
			children = (
				8CAF0B142CF38EA3009E1F29 /* Animation */,
				8C4124A12CF105AE000F61DB /* Data */,
				8C4124942CF0C3CB000F61DB /* ViewControllers */,
				8C4124932CF0C3C2000F61DB /* Views */,
			);
			path = UI;
			sourceTree = "<group>";
		};
		8C4124932CF0C3C2000F61DB /* Views */ = {
			isa = PBXGroup;
			children = (
				8C41248F2CF0A7FF000F61DB /* PhotoGalleryViewCell.swift */,
				8C4124972CF0F1F5000F61DB /* VideoGalleryViewCell.swift */,
				8C4124992CF0F3AB000F61DB /* PreviewView.swift */,
			);
			path = Views;
			sourceTree = "<group>";
		};
		8C4124942CF0C3CB000F61DB /* ViewControllers */ = {
			isa = PBXGroup;
			children = (
				8C41248C2CF0A40A000F61DB /* GalleryViewController.swift */,
				8C4124912CF0B23D000F61DB /* CameraViewController.swift */,
				8C41249D2CF0F5A9000F61DB /* CameraViewController+Capturing.swift */,
				8C4124A72CF11A3C000F61DB /* CameraViewController+Authorisation.swift */,
				8C4124A22CF105BA000F61DB /* CameraViewController+AVCapturePhotoCaptureDelegate.swift */,
				8C75B0572CF1761400185AE5 /* CameraViewController+RecordingDelegate.swift */,
				8C4124A42CF108EC000F61DB /* ViewController+Alerts.swift */,
				8C75B0552CF168C400185AE5 /* PhotoPreviewViewController.swift */,
				8C382E6C2CF17E670099B5BD /* VideoPreviewViewController.swift */,
				8CAF0B192CF39AD6009E1F29 /* SectionHeader.swift */,
			);
			path = ViewControllers;
			sourceTree = "<group>";
		};
		8C4124A12CF105AE000F61DB /* Data */ = {
			isa = PBXGroup;
			children = (
				8C4124A92CF12EDD000F61DB /* StorageManager.swift */,
				8C382E6E2CF180470099B5BD /* LibraryManager.swift */,
			);
			path = Data;
			sourceTree = "<group>";
		};
		8CAF0B142CF38EA3009E1F29 /* Animation */ = {
			isa = PBXGroup;
			children = (
				8CAF0B152CF38EAF009E1F29 /* AnimationProvider.swift */,
			);
			path = Animation;
			sourceTree = "<group>";
		};
/* End PBXGroup section */

/* Begin PBXNativeTarget section */
		8C4124742CEFEE1F000F61DB /* CameraModule */ = {
			isa = PBXNativeTarget;
			buildConfigurationList = 8C4124892CEFEE21000F61DB /* Build configuration list for PBXNativeTarget "CameraModule" */;
			buildPhases = (
				8C4124712CEFEE1F000F61DB /* Sources */,
				8C4124722CEFEE1F000F61DB /* Frameworks */,
				8C4124732CEFEE1F000F61DB /* Resources */,
			);
			buildRules = (
			);
			dependencies = (
			);
			name = CameraModule;
			productName = CameraModule;
			productReference = 8C4124752CEFEE1F000F61DB /* CameraModule.app */;
			productType = "com.apple.product-type.application";
		};
/* End PBXNativeTarget section */

/* Begin PBXProject section */
		8C41246D2CEFEE1F000F61DB /* Project object */ = {
			isa = PBXProject;
			attributes = {
				BuildIndependentTargetsInParallel = 1;
				LastSwiftUpdateCheck = 1500;
				LastUpgradeCheck = 1500;
				TargetAttributes = {
					8C4124742CEFEE1F000F61DB = {
						CreatedOnToolsVersion = 15.0;
					};
				};
			};
			buildConfigurationList = 8C4124702CEFEE1F000F61DB /* Build configuration list for PBXProject "CameraModule" */;
			compatibilityVersion = "Xcode 14.0";
			developmentRegion = en;
			hasScannedForEncodings = 0;
			knownRegions = (
				en,
				Base,
			);
			mainGroup = 8C41246C2CEFEE1F000F61DB;
			productRefGroup = 8C4124762CEFEE1F000F61DB /* Products */;
			projectDirPath = "";
			projectRoot = "";
			targets = (
				8C4124742CEFEE1F000F61DB /* CameraModule */,
			);
		};
/* End PBXProject section */

/* Begin PBXResourcesBuildPhase section */
		8C4124732CEFEE1F000F61DB /* Resources */ = {
			isa = PBXResourcesBuildPhase;
			buildActionMask = 2147483647;
			files = (
				8C4124852CEFEE21000F61DB /* LaunchScreen.storyboard in Resources */,
				8C4124822CEFEE21000F61DB /* Assets.xcassets in Resources */,
				8C4124802CEFEE1F000F61DB /* Main.storyboard in Resources */,
			);
			runOnlyForDeploymentPostprocessing = 0;
		};
/* End PBXResourcesBuildPhase section */

/* Begin PBXSourcesBuildPhase section */
		8C4124712CEFEE1F000F61DB /* Sources */ = {
			isa = PBXSourcesBuildPhase;
			buildActionMask = 2147483647;
			files = (
				8C75B0562CF168C400185AE5 /* PhotoPreviewViewController.swift in Sources */,
				8C4124A32CF105BA000F61DB /* CameraViewController+AVCapturePhotoCaptureDelegate.swift in Sources */,
				8C4124AA2CF12EDD000F61DB /* StorageManager.swift in Sources */,
				8C41247D2CEFEE1F000F61DB /* ViewController.swift in Sources */,
				8C4124A52CF108ED000F61DB /* ViewController+Alerts.swift in Sources */,
				8C75B0582CF1761400185AE5 /* CameraViewController+RecordingDelegate.swift in Sources */,
				8C382E6F2CF180470099B5BD /* LibraryManager.swift in Sources */,
				8CAF0B1A2CF39AD6009E1F29 /* SectionHeader.swift in Sources */,
				8C382E6D2CF17E670099B5BD /* VideoPreviewViewController.swift in Sources */,
				8C41249A2CF0F3AB000F61DB /* PreviewView.swift in Sources */,
				8C4124922CF0B23D000F61DB /* CameraViewController.swift in Sources */,
				8C4124902CF0A7FF000F61DB /* PhotoGalleryViewCell.swift in Sources */,
				8C41249E2CF0F5A9000F61DB /* CameraViewController+Capturing.swift in Sources */,
				8C41248D2CF0A40A000F61DB /* GalleryViewController.swift in Sources */,
				8C4124A82CF11A3C000F61DB /* CameraViewController+Authorisation.swift in Sources */,
				8C4124792CEFEE1F000F61DB /* AppDelegate.swift in Sources */,
				8C41247B2CEFEE1F000F61DB /* SceneDelegate.swift in Sources */,
				8CAF0B162CF38EAF009E1F29 /* AnimationProvider.swift in Sources */,
				8C4124982CF0F1F5000F61DB /* VideoGalleryViewCell.swift in Sources */,
			);
			runOnlyForDeploymentPostprocessing = 0;
		};
/* End PBXSourcesBuildPhase section */

/* Begin PBXVariantGroup section */
		8C41247E2CEFEE1F000F61DB /* Main.storyboard */ = {
			isa = PBXVariantGroup;
			children = (
				8C41247F2CEFEE1F000F61DB /* Base */,
			);
			name = Main.storyboard;
			sourceTree = "<group>";
		};
		8C4124832CEFEE21000F61DB /* LaunchScreen.storyboard */ = {
			isa = PBXVariantGroup;
			children = (
				8C4124842CEFEE21000F61DB /* Base */,
			);
			name = LaunchScreen.storyboard;
			sourceTree = "<group>";
		};
/* End PBXVariantGroup section */

/* Begin XCBuildConfiguration section */
		8C4124872CEFEE21000F61DB /* Debug */ = {
			isa = XCBuildConfiguration;
			buildSettings = {
				ALWAYS_SEARCH_USER_PATHS = NO;
				ASSETCATALOG_COMPILER_GENERATE_SWIFT_ASSET_SYMBOL_EXTENSIONS = YES;
				CLANG_ANALYZER_NONNULL = YES;
				CLANG_ANALYZER_NUMBER_OBJECT_CONVERSION = YES_AGGRESSIVE;
				CLANG_CXX_LANGUAGE_STANDARD = "gnu++20";
				CLANG_ENABLE_MODULES = YES;
				CLANG_ENABLE_OBJC_ARC = YES;
				CLANG_ENABLE_OBJC_WEAK = YES;
				CLANG_WARN_BLOCK_CAPTURE_AUTORELEASING = YES;
				CLANG_WARN_BOOL_CONVERSION = YES;
				CLANG_WARN_COMMA = YES;
				CLANG_WARN_CONSTANT_CONVERSION = YES;
				CLANG_WARN_DEPRECATED_OBJC_IMPLEMENTATIONS = YES;
				CLANG_WARN_DIRECT_OBJC_ISA_USAGE = YES_ERROR;
				CLANG_WARN_DOCUMENTATION_COMMENTS = YES;
				CLANG_WARN_EMPTY_BODY = YES;
				CLANG_WARN_ENUM_CONVERSION = YES;
				CLANG_WARN_INFINITE_RECURSION = YES;
				CLANG_WARN_INT_CONVERSION = YES;
				CLANG_WARN_NON_LITERAL_NULL_CONVERSION = YES;
				CLANG_WARN_OBJC_IMPLICIT_RETAIN_SELF = YES;
				CLANG_WARN_OBJC_LITERAL_CONVERSION = YES;
				CLANG_WARN_OBJC_ROOT_CLASS = YES_ERROR;
				CLANG_WARN_QUOTED_INCLUDE_IN_FRAMEWORK_HEADER = YES;
				CLANG_WARN_RANGE_LOOP_ANALYSIS = YES;
				CLANG_WARN_STRICT_PROTOTYPES = YES;
				CLANG_WARN_SUSPICIOUS_MOVE = YES;
				CLANG_WARN_UNGUARDED_AVAILABILITY = YES_AGGRESSIVE;
				CLANG_WARN_UNREACHABLE_CODE = YES;
				CLANG_WARN__DUPLICATE_METHOD_MATCH = YES;
				COPY_PHASE_STRIP = NO;
				DEBUG_INFORMATION_FORMAT = dwarf;
				ENABLE_STRICT_OBJC_MSGSEND = YES;
				ENABLE_TESTABILITY = YES;
				ENABLE_USER_SCRIPT_SANDBOXING = YES;
				GCC_C_LANGUAGE_STANDARD = gnu17;
				GCC_DYNAMIC_NO_PIC = NO;
				GCC_NO_COMMON_BLOCKS = YES;
				GCC_OPTIMIZATION_LEVEL = 0;
				GCC_PREPROCESSOR_DEFINITIONS = (
					"DEBUG=1",
					"$(inherited)",
				);
				GCC_WARN_64_TO_32_BIT_CONVERSION = YES;
				GCC_WARN_ABOUT_RETURN_TYPE = YES_ERROR;
				GCC_WARN_UNDECLARED_SELECTOR = YES;
				GCC_WARN_UNINITIALIZED_AUTOS = YES_AGGRESSIVE;
				GCC_WARN_UNUSED_FUNCTION = YES;
				GCC_WARN_UNUSED_VARIABLE = YES;
				IPHONEOS_DEPLOYMENT_TARGET = 17.0;
				LOCALIZATION_PREFERS_STRING_CATALOGS = YES;
				MTL_ENABLE_DEBUG_INFO = INCLUDE_SOURCE;
				MTL_FAST_MATH = YES;
				ONLY_ACTIVE_ARCH = YES;
				SDKROOT = iphoneos;
				SWIFT_ACTIVE_COMPILATION_CONDITIONS = "DEBUG $(inherited)";
				SWIFT_OPTIMIZATION_LEVEL = "-Onone";
			};
			name = Debug;
		};
		8C4124882CEFEE21000F61DB /* Release */ = {
			isa = XCBuildConfiguration;
			buildSettings = {
				ALWAYS_SEARCH_USER_PATHS = NO;
				ASSETCATALOG_COMPILER_GENERATE_SWIFT_ASSET_SYMBOL_EXTENSIONS = YES;
				CLANG_ANALYZER_NONNULL = YES;
				CLANG_ANALYZER_NUMBER_OBJECT_CONVERSION = YES_AGGRESSIVE;
				CLANG_CXX_LANGUAGE_STANDARD = "gnu++20";
				CLANG_ENABLE_MODULES = YES;
				CLANG_ENABLE_OBJC_ARC = YES;
				CLANG_ENABLE_OBJC_WEAK = YES;
				CLANG_WARN_BLOCK_CAPTURE_AUTORELEASING = YES;
				CLANG_WARN_BOOL_CONVERSION = YES;
				CLANG_WARN_COMMA = YES;
				CLANG_WARN_CONSTANT_CONVERSION = YES;
				CLANG_WARN_DEPRECATED_OBJC_IMPLEMENTATIONS = YES;
				CLANG_WARN_DIRECT_OBJC_ISA_USAGE = YES_ERROR;
				CLANG_WARN_DOCUMENTATION_COMMENTS = YES;
				CLANG_WARN_EMPTY_BODY = YES;
				CLANG_WARN_ENUM_CONVERSION = YES;
				CLANG_WARN_INFINITE_RECURSION = YES;
				CLANG_WARN_INT_CONVERSION = YES;
				CLANG_WARN_NON_LITERAL_NULL_CONVERSION = YES;
				CLANG_WARN_OBJC_IMPLICIT_RETAIN_SELF = YES;
				CLANG_WARN_OBJC_LITERAL_CONVERSION = YES;
				CLANG_WARN_OBJC_ROOT_CLASS = YES_ERROR;
				CLANG_WARN_QUOTED_INCLUDE_IN_FRAMEWORK_HEADER = YES;
				CLANG_WARN_RANGE_LOOP_ANALYSIS = YES;
				CLANG_WARN_STRICT_PROTOTYPES = YES;
				CLANG_WARN_SUSPICIOUS_MOVE = YES;
				CLANG_WARN_UNGUARDED_AVAILABILITY = YES_AGGRESSIVE;
				CLANG_WARN_UNREACHABLE_CODE = YES;
				CLANG_WARN__DUPLICATE_METHOD_MATCH = YES;
				COPY_PHASE_STRIP = NO;
				DEBUG_INFORMATION_FORMAT = "dwarf-with-dsym";
				ENABLE_NS_ASSERTIONS = NO;
				ENABLE_STRICT_OBJC_MSGSEND = YES;
				ENABLE_USER_SCRIPT_SANDBOXING = YES;
				GCC_C_LANGUAGE_STANDARD = gnu17;
				GCC_NO_COMMON_BLOCKS = YES;
				GCC_WARN_64_TO_32_BIT_CONVERSION = YES;
				GCC_WARN_ABOUT_RETURN_TYPE = YES_ERROR;
				GCC_WARN_UNDECLARED_SELECTOR = YES;
				GCC_WARN_UNINITIALIZED_AUTOS = YES_AGGRESSIVE;
				GCC_WARN_UNUSED_FUNCTION = YES;
				GCC_WARN_UNUSED_VARIABLE = YES;
				IPHONEOS_DEPLOYMENT_TARGET = 17.0;
				LOCALIZATION_PREFERS_STRING_CATALOGS = YES;
				MTL_ENABLE_DEBUG_INFO = NO;
				MTL_FAST_MATH = YES;
				SDKROOT = iphoneos;
				SWIFT_COMPILATION_MODE = wholemodule;
				VALIDATE_PRODUCT = YES;
			};
			name = Release;
		};
		8C41248A2CEFEE21000F61DB /* Debug */ = {
			isa = XCBuildConfiguration;
			buildSettings = {
				ASSETCATALOG_COMPILER_APPICON_NAME = AppIcon;
				ASSETCATALOG_COMPILER_GLOBAL_ACCENT_COLOR_NAME = AccentColor;
				CODE_SIGN_STYLE = Automatic;
				CURRENT_PROJECT_VERSION = 1;
				DEVELOPMENT_TEAM = D85QWSUNYA;
				GENERATE_INFOPLIST_FILE = YES;
				INFOPLIST_FILE = CameraModule/Info.plist;
				INFOPLIST_KEY_NSCameraUsageDescription = "Required to capture photos and record video content";
				INFOPLIST_KEY_NSMicrophoneUsageDescription = "Required to record video content";
				INFOPLIST_KEY_NSPhotoLibraryUsageDescription = "This app allows saving media to the library";
				INFOPLIST_KEY_UIApplicationSupportsIndirectInputEvents = YES;
				INFOPLIST_KEY_UILaunchStoryboardName = LaunchScreen;
				INFOPLIST_KEY_UIMainStoryboardFile = Main;
				INFOPLIST_KEY_UISupportedInterfaceOrientations_iPad = "UIInterfaceOrientationPortrait UIInterfaceOrientationPortraitUpsideDown UIInterfaceOrientationLandscapeLeft UIInterfaceOrientationLandscapeRight";
				INFOPLIST_KEY_UISupportedInterfaceOrientations_iPhone = "UIInterfaceOrientationPortrait UIInterfaceOrientationLandscapeLeft UIInterfaceOrientationLandscapeRight";
				LD_RUNPATH_SEARCH_PATHS = (
					"$(inherited)",
					"@executable_path/Frameworks",
				);
				MARKETING_VERSION = 1.0;
				PRODUCT_BUNDLE_IDENTIFIER = "ua.edu.ukma.apple-env.verkhohliad.CameraModule";
				PRODUCT_NAME = "$(TARGET_NAME)";
				SWIFT_EMIT_LOC_STRINGS = YES;
				SWIFT_VERSION = 5.0;
				TARGETED_DEVICE_FAMILY = "1,2";
			};
			name = Debug;
		};
		8C41248B2CEFEE21000F61DB /* Release */ = {
			isa = XCBuildConfiguration;
			buildSettings = {
				ASSETCATALOG_COMPILER_APPICON_NAME = AppIcon;
				ASSETCATALOG_COMPILER_GLOBAL_ACCENT_COLOR_NAME = AccentColor;
				CODE_SIGN_STYLE = Automatic;
				CURRENT_PROJECT_VERSION = 1;
				DEVELOPMENT_TEAM = D85QWSUNYA;
				GENERATE_INFOPLIST_FILE = YES;
				INFOPLIST_FILE = CameraModule/Info.plist;
				INFOPLIST_KEY_NSCameraUsageDescription = "Required to capture photos and record video content";
				INFOPLIST_KEY_NSMicrophoneUsageDescription = "Required to record video content";
				INFOPLIST_KEY_NSPhotoLibraryUsageDescription = "This app allows saving media to the library";
				INFOPLIST_KEY_UIApplicationSupportsIndirectInputEvents = YES;
				INFOPLIST_KEY_UILaunchStoryboardName = LaunchScreen;
				INFOPLIST_KEY_UIMainStoryboardFile = Main;
				INFOPLIST_KEY_UISupportedInterfaceOrientations_iPad = "UIInterfaceOrientationPortrait UIInterfaceOrientationPortraitUpsideDown UIInterfaceOrientationLandscapeLeft UIInterfaceOrientationLandscapeRight";
				INFOPLIST_KEY_UISupportedInterfaceOrientations_iPhone = "UIInterfaceOrientationPortrait UIInterfaceOrientationLandscapeLeft UIInterfaceOrientationLandscapeRight";
				LD_RUNPATH_SEARCH_PATHS = (
					"$(inherited)",
					"@executable_path/Frameworks",
				);
				MARKETING_VERSION = 1.0;
				PRODUCT_BUNDLE_IDENTIFIER = "ua.edu.ukma.apple-env.verkhohliad.CameraModule";
				PRODUCT_NAME = "$(TARGET_NAME)";
				SWIFT_EMIT_LOC_STRINGS = YES;
				SWIFT_VERSION = 5.0;
				TARGETED_DEVICE_FAMILY = "1,2";
			};
			name = Release;
		};
/* End XCBuildConfiguration section */

/* Begin XCConfigurationList section */
		8C4124702CEFEE1F000F61DB /* Build configuration list for PBXProject "CameraModule" */ = {
			isa = XCConfigurationList;
			buildConfigurations = (
				8C4124872CEFEE21000F61DB /* Debug */,
				8C4124882CEFEE21000F61DB /* Release */,
			);
			defaultConfigurationIsVisible = 0;
			defaultConfigurationName = Release;
		};
		8C4124892CEFEE21000F61DB /* Build configuration list for PBXNativeTarget "CameraModule" */ = {
			isa = XCConfigurationList;
			buildConfigurations = (
				8C41248A2CEFEE21000F61DB /* Debug */,
				8C41248B2CEFEE21000F61DB /* Release */,
			);
			defaultConfigurationIsVisible = 0;
			defaultConfigurationName = Release;
		};
/* End XCConfigurationList section */
	};
	rootObject = 8C41246D2CEFEE1F000F61DB /* Project object */;
}
